
Microsoft Visual Studio Solution File, Format Version 12.00
# Visual Studio Version 17
VisualStudioVersion = 17.4.33110.190
MinimumVisualStudioVersion = 10.0.40219.1
Project("{9A19103F-16F7-4668-BE54-9A1E7A4F7556}") = "TuringMachine", "TuringMachine\TuringMachine.csproj", "{D367259D-2445-46A4-8838-ADC0769D2EA6}"
EndProject
Project("{9A19103F-16F7-4668-BE54-9A1E7A4F7556}") = "TuringMachine.UnitTests", "TuringMachine.UnitTests\TuringMachine.UnitTests.csproj", "{F3D195D3-1F12-4D4B-9FF1-C366053239B5}"
EndProject
Project("{9A19103F-16F7-4668-BE54-9A1E7A4F7556}") = "TurinMachine.Core", "TurinMachine.Core\TurinMachine.Core.csproj", "{50ED1C9B-82E4-4041-8210-E26EC75937D3}"
EndProject
Project("{FAE04EC0-301F-11D3-BF4B-00C04F79EFBC}") = "TuringMachine.UITests", "TuringMachine.UITests\TuringMachine.UITests.csproj", "{00DD7A4F-1174-4F42-AE62-92AE44FE5E35}"
EndProject
Global
	GlobalSection(SolutionConfigurationPlatforms) = preSolution
		Debug|Any CPU = Debug|Any CPU
		Release|Any CPU = Release|Any CPU
	EndGlobalSection
	GlobalSection(ProjectConfigurationPlatforms) = postSolution
		{D367259D-2445-46A4-8838-ADC0769D2EA6}.Debug|Any CPU.ActiveCfg = Debug|Any CPU
		{D367259D-2445-46A4-8838-ADC0769D2EA6}.Debug|Any CPU.Build.0 = Debug|Any CPU
		{D367259D-2445-46A4-8838-ADC0769D2EA6}.Release|Any CPU.ActiveCfg = Release|Any CPU
		{D367259D-2445-46A4-8838-ADC0769D2EA6}.Release|Any CPU.Build.0 = Release|Any CPU
		{F3D195D3-1F12-4D4B-9FF1-C366053239B5}.Debug|Any CPU.ActiveCfg = Debug|Any CPU
		{F3D195D3-1F12-4D4B-9FF1-C366053239B5}.Debug|Any CPU.Build.0 = Debug|Any CPU
		{F3D195D3-1F12-4D4B-9FF1-C366053239B5}.Release|Any CPU.ActiveCfg = Release|Any CPU
		{F3D195D3-1F12-4D4B-9FF1-C366053239B5}.Release|Any CPU.Build.0 = Release|Any CPU
		{50ED1C9B-82E4-4041-8210-E26EC75937D3}.Debug|Any CPU.ActiveCfg = Debug|Any CPU
		{50ED1C9B-82E4-4041-8210-E26EC75937D3}.Debug|Any CPU.Build.0 = Debug|Any CPU
		{50ED1C9B-82E4-4041-8210-E26EC75937D3}.Release|Any CPU.ActiveCfg = Release|Any CPU
		{50ED1C9B-82E4-4041-8210-E26EC75937D3}.Release|Any CPU.Build.0 = Release|Any CPU
		{00DD7A4F-1174-4F42-AE62-92AE44FE5E35}.Debug|Any CPU.ActiveCfg = Debug|Any CPU
		{00DD7A4F-1174-4F42-AE62-92AE44FE5E35}.Debug|Any CPU.Build.0 = Debug|Any CPU
		{00DD7A4F-1174-4F42-AE62-92AE44FE5E35}.Release|Any CPU.ActiveCfg = Release|Any CPU
		{00DD7A4F-1174-4F42-AE62-92AE44FE5E35}.Release|Any CPU.Build.0 = Release|Any CPU
	EndGlobalSection
	GlobalSection(SolutionProperties) = preSolution
		HideSolutionNode = FALSE
	EndGlobalSection
	GlobalSection(ExtensibilityGlobals) = postSolution
		SolutionGuid = {F5EC3D56-065C-49B5-A81C-BB0BAC5A9E2D}
	EndGlobalSection
EndGlobal
